
Microsoft Visual Studio Solution File, Format Version 12.00
# Visual Studio 15
Project("{FAE04EC0-301F-11D3-BF4B-00C04F79EFBC}") = "Connector", "Connector.csproj", "{093F58CE-D5E7-FBF2-9B39-39BC1611D2E5}"
EndProject
Project("{FAE04EC0-301F-11D3-BF4B-00C04F79EFBC}") = "Connector.Editor", "Connector.Editor.csproj", "{0E1BA6FB-018C-4C9C-C6FA-5041A0A896EC}"
EndProject
Global
	GlobalSection(SolutionConfigurationPlatforms) = preSolution
		Debug|Any CPU = Debug|Any CPU
		Release|Any CPU = Release|Any CPU
	EndGlobalSection
	GlobalSection(ProjectConfigurationPlatforms) = postSolution
		{093F58CE-D5E7-FBF2-9B39-39BC1611D2E5}.Debug|Any CPU.ActiveCfg = Debug|Any CPU
		{093F58CE-D5E7-FBF2-9B39-39BC1611D2E5}.Debug|Any CPU.Build.0 = Debug|Any CPU
		{093F58CE-D5E7-FBF2-9B39-39BC1611D2E5}.Release|Any CPU.ActiveCfg = Release|Any CPU
		{093F58CE-D5E7-FBF2-9B39-39BC1611D2E5}.Release|Any CPU.Build.0 = Release|Any CPU
		{0E1BA6FB-018C-4C9C-C6FA-5041A0A896EC}.Debug|Any CPU.ActiveCfg = Debug|Any CPU
		{0E1BA6FB-018C-4C9C-C6FA-5041A0A896EC}.Debug|Any CPU.Build.0 = Debug|Any CPU
		{0E1BA6FB-018C-4C9C-C6FA-5041A0A896EC}.Release|Any CPU.ActiveCfg = Release|Any CPU
		{0E1BA6FB-018C-4C9C-C6FA-5041A0A896EC}.Release|Any CPU.Build.0 = Release|Any CPU
	EndGlobalSection
	GlobalSection(SolutionProperties) = preSolution
		HideSolutionNode = FALSE
	EndGlobalSection
EndGlobal
